
Microsoft Visual Studio Solution File, Format Version 12.00
# Visual Studio Version 16
VisualStudioVersion = 16.0.30503.244
MinimumVisualStudioVersion = 10.0.40219.1
Project("{9A19103F-16F7-4668-BE54-9A1E7A4F7556}") = "EasyAMP", "EasyAMP\EasyAMP.csproj", "{C3B03BCB-6A0A-4192-BD6D-E1DDD5CF2D55}"
EndProject
Global
	GlobalSection(SolutionConfigurationPlatforms) = preSolution
		Debug|Any CPU = Debug|Any CPU
		Release|Any CPU = Release|Any CPU
	EndGlobalSection
	GlobalSection(ProjectConfigurationPlatforms) = postSolution
		{C3B03BCB-6A0A-4192-BD6D-E1DDD5CF2D55}.Debug|Any CPU.ActiveCfg = Debug|Any CPU
		{C3B03BCB-6A0A-4192-BD6D-E1DDD5CF2D55}.Debug|Any CPU.Build.0 = Debug|Any CPU
		{C3B03BCB-6A0A-4192-BD6D-E1DDD5CF2D55}.Release|Any CPU.ActiveCfg = Release|Any CPU
		{C3B03BCB-6A0A-4192-BD6D-E1DDD5CF2D55}.Release|Any CPU.Build.0 = Release|Any CPU
	EndGlobalSection
	GlobalSection(SolutionProperties) = preSolution
		HideSolutionNode = FALSE
	EndGlobalSection
	GlobalSection(ExtensibilityGlobals) = postSolution
		SolutionGuid = {D6D9B3B9-25FA-49E7-BC81-E469F58E5CA8}
	EndGlobalSection
EndGlobal
